# THIS IS AN AUTOGENERATED FILE. DO NOT EDIT THIS FILE DIRECTLY.
# yarn lockfile v1


bootstrap@^5.2.0:
  version "5.2.0"
  resolved "https://registry.yarnpkg.com/bootstrap/-/bootstrap-5.2.0.tgz#838727fb60f1630db370fe57c63cbcf2962bb3d3"
  integrity sha512-qlnS9GL6YZE6Wnef46GxGv1UpGGzAwO0aPL1yOjzDIJpeApeMvqV24iL+pjr2kU4dduoBA9fINKWKgMToobx9A==

jquery@>=1.4.3:
  version "3.6.0"
  resolved "https://registry.yarnpkg.com/jquery/-/jquery-3.6.0.tgz#c72a09f15c1bdce142f49dbf1170bdf8adac2470"
  integrity sha512-JVzAR/AjBvVt2BmYhxRCSYysDsPcssdmTFnzyLEts9qNwmjmu4JTAMYubEfwVOSwpQ1I1sKKFcxhZCI2buerfw==

sidr@^2.2.1:
  version "2.2.1"
  resolved "https://registry.yarnpkg.com/sidr/-/sidr-2.2.1.tgz#2291376575d2559f4b0c563f7d40e224dd3ecc70"
  integrity sha512-9YCq5/pRcgiIcFfxVY1NbUwbqp2G+32dph7+vYvdR/LjBPRaMAJZWm/vC4h533bYcPrYBXL39YoF5nfHjPDAWg==
  dependencies:
    jquery ">=1.4.3"
